
Microsoft Visual Studio Solution File, Format Version 12.00
# Visual Studio 15
VisualStudioVersion = 15.0.27703.2018
MinimumVisualStudioVersion = 10.0.40219.1
Project("{E24C65DC-7377-472B-9ABA-BC803B73C61A}") = "danielCherrin_VetSurgeryWebsite(1)", "danielCherrin_VetSurgeryWebsite\", "{E80ED0D1-3D65-4318-A475-46E809A4D10A}"
	ProjectSection(WebsiteProperties) = preProject
		TargetFrameworkMoniker = ".NETFramework,Version%3Dv4.6.1"
		Debug.AspNetCompiler.VirtualPath = "/localhost_63471"
		Debug.AspNetCompiler.PhysicalPath = "danielCherrin_VetSurgeryWebsite\"
		Debug.AspNetCompiler.TargetPath = "PrecompiledWeb\localhost_63471\"
		Debug.AspNetCompiler.Updateable = "true"
		Debug.AspNetCompiler.ForceOverwrite = "true"
		Debug.AspNetCompiler.FixedNames = "false"
		Debug.AspNetCompiler.Debug = "True"
		Release.AspNetCompiler.VirtualPath = "/localhost_63471"
		Release.AspNetCompiler.PhysicalPath = "danielCherrin_VetSurgeryWebsite\"
		Release.AspNetCompiler.TargetPath = "PrecompiledWeb\localhost_63471\"
		Release.AspNetCompiler.Updateable = "true"
		Release.AspNetCompiler.ForceOverwrite = "true"
		Release.AspNetCompiler.FixedNames = "false"
		Release.AspNetCompiler.Debug = "False"
		VWDPort = "63471"
		SlnRelativePath = "danielCherrin_VetSurgeryWebsite\"
		DefaultWebSiteLanguage = "Visual C#"
	EndProjectSection
EndProject
Global
	GlobalSection(SolutionConfigurationPlatforms) = preSolution
		Debug|Any CPU = Debug|Any CPU
	EndGlobalSection
	GlobalSection(ProjectConfigurationPlatforms) = postSolution
		{E80ED0D1-3D65-4318-A475-46E809A4D10A}.Debug|Any CPU.ActiveCfg = Debug|Any CPU
		{E80ED0D1-3D65-4318-A475-46E809A4D10A}.Debug|Any CPU.Build.0 = Debug|Any CPU
	EndGlobalSection
	GlobalSection(SolutionProperties) = preSolution
		HideSolutionNode = FALSE
	EndGlobalSection
	GlobalSection(ExtensibilityGlobals) = postSolution
		SolutionGuid = {53B6868A-1E76-4646-819A-BD3AB8E048F7}
	EndGlobalSection
EndGlobal
